# This file is automatically @generated by Wally.
# It is not intended for manual editing.
registry = "test"

[[package]]
name = "evaera/promise"
version = "4.0.0"
dependencies = []

[[package]]
name = "howmanysmall/janitor"
version = "1.15.6"
dependencies = [["Promise", "evaera/promise@4.0.0"]]

[[package]]
name = "sleitnick/loader"
version = "2.0.0"
dependencies = []

[[package]]
name = "sleitnick/table-util"
version = "1.2.0"
dependencies = []

[[package]]
name = "tazmondo/rumble-rojo"
version = "0.1.0"
dependencies = [["Janitor", "howmanysmall/janitor@1.15.6"], ["Loader", "sleitnick/loader@2.0.0"], ["Red", "uncontained0/red@1.2.2"], ["TableUtil", "sleitnick/table-util@1.2.0"]]

[[package]]
name = "uncontained0/red"
version = "1.2.2"
dependencies = []
